
Microsoft Visual Studio Solution File, Format Version 10.00
# Visual Studio 2008
Project("{E24C65DC-7377-472B-9ABA-BC803B73C61A}") = "TracingCode", "TracingCode\", "{69A39243-37DE-4722-A35D-373611CE5A01}"
	ProjectSection(WebsiteProperties) = preProject
		TargetFramework = "3.5"
		Debug.AspNetCompiler.VirtualPath = "/TracingCode"
		Debug.AspNetCompiler.PhysicalPath = "TracingCode\"
		Debug.AspNetCompiler.TargetPath = "PrecompiledWeb\TracingCode\"
		Debug.AspNetCompiler.Updateable = "true"
		Debug.AspNetCompiler.ForceOverwrite = "true"
		Debug.AspNetCompiler.FixedNames = "false"
		Debug.AspNetCompiler.Debug = "True"
		Release.AspNetCompiler.VirtualPath = "/TracingCode"
		Release.AspNetCompiler.PhysicalPath = "TracingCode\"
		Release.AspNetCompiler.TargetPath = "PrecompiledWeb\TracingCode\"
		Release.AspNetCompiler.Updateable = "true"
		Release.AspNetCompiler.ForceOverwrite = "true"
		Release.AspNetCompiler.FixedNames = "false"
		Release.AspNetCompiler.Debug = "False"
		VWDPort = "38684"
		DefaultWebSiteLanguage = "Visual C#"
	EndProjectSection
EndProject
Global
	GlobalSection(SolutionConfigurationPlatforms) = preSolution
		Debug|.NET = Debug|.NET
	EndGlobalSection
	GlobalSection(ProjectConfigurationPlatforms) = postSolution
		{69A39243-37DE-4722-A35D-373611CE5A01}.Debug|.NET.ActiveCfg = Debug|.NET
		{69A39243-37DE-4722-A35D-373611CE5A01}.Debug|.NET.Build.0 = Debug|.NET
	EndGlobalSection
	GlobalSection(SolutionProperties) = preSolution
		HideSolutionNode = FALSE
	EndGlobalSection
EndGlobal
