
Microsoft Visual Studio Solution File, Format Version 10.00
# Visual Studio 2008
Project("{E24C65DC-7377-472B-9ABA-BC803B73C61A}") = "UserMembership", "UserMembership\", "{0118D9E3-6AF0-40AF-9367-32B2D42D333E}"
	ProjectSection(WebsiteProperties) = preProject
		TargetFramework = "3.5"
		Debug.AspNetCompiler.VirtualPath = "/UserMembership"
		Debug.AspNetCompiler.PhysicalPath = "UserMembership\"
		Debug.AspNetCompiler.TargetPath = "PrecompiledWeb\UserMembership\"
		Debug.AspNetCompiler.Updateable = "true"
		Debug.AspNetCompiler.ForceOverwrite = "true"
		Debug.AspNetCompiler.FixedNames = "false"
		Debug.AspNetCompiler.Debug = "True"
		Release.AspNetCompiler.VirtualPath = "/UserMembership"
		Release.AspNetCompiler.PhysicalPath = "UserMembership\"
		Release.AspNetCompiler.TargetPath = "PrecompiledWeb\UserMembership\"
		Release.AspNetCompiler.Updateable = "true"
		Release.AspNetCompiler.ForceOverwrite = "true"
		Release.AspNetCompiler.FixedNames = "false"
		Release.AspNetCompiler.Debug = "False"
		VWDPort = "44778"
		DefaultWebSiteLanguage = "Visual C#"
	EndProjectSection
EndProject
Global
	GlobalSection(SolutionConfigurationPlatforms) = preSolution
		Debug|.NET = Debug|.NET
	EndGlobalSection
	GlobalSection(ProjectConfigurationPlatforms) = postSolution
		{0118D9E3-6AF0-40AF-9367-32B2D42D333E}.Debug|.NET.ActiveCfg = Debug|.NET
		{0118D9E3-6AF0-40AF-9367-32B2D42D333E}.Debug|.NET.Build.0 = Debug|.NET
	EndGlobalSection
	GlobalSection(SolutionProperties) = preSolution
		HideSolutionNode = FALSE
	EndGlobalSection
EndGlobal
