
Microsoft Visual Studio Solution File, Format Version 10.00
# Visual Studio 2008
Project("{E24C65DC-7377-472B-9ABA-BC803B73C61A}") = "XmlData", "XmlData\", "{88FB2FAE-6B39-40E6-A706-7A0CA4FE80BA}"
	ProjectSection(WebsiteProperties) = preProject
		TargetFramework = "3.5"
		Debug.AspNetCompiler.VirtualPath = "/XmlData"
		Debug.AspNetCompiler.PhysicalPath = "XmlData\"
		Debug.AspNetCompiler.TargetPath = "PrecompiledWeb\XmlData\"
		Debug.AspNetCompiler.Updateable = "true"
		Debug.AspNetCompiler.ForceOverwrite = "true"
		Debug.AspNetCompiler.FixedNames = "false"
		Debug.AspNetCompiler.Debug = "True"
		Release.AspNetCompiler.VirtualPath = "/XmlData"
		Release.AspNetCompiler.PhysicalPath = "XmlData\"
		Release.AspNetCompiler.TargetPath = "PrecompiledWeb\XmlData\"
		Release.AspNetCompiler.Updateable = "true"
		Release.AspNetCompiler.ForceOverwrite = "true"
		Release.AspNetCompiler.FixedNames = "false"
		Release.AspNetCompiler.Debug = "False"
		VWDPort = "58816"
		DefaultWebSiteLanguage = "Visual C#"
	EndProjectSection
EndProject
Global
	GlobalSection(SolutionConfigurationPlatforms) = preSolution
		Debug|.NET = Debug|.NET
	EndGlobalSection
	GlobalSection(ProjectConfigurationPlatforms) = postSolution
		{88FB2FAE-6B39-40E6-A706-7A0CA4FE80BA}.Debug|.NET.ActiveCfg = Debug|.NET
		{88FB2FAE-6B39-40E6-A706-7A0CA4FE80BA}.Debug|.NET.Build.0 = Debug|.NET
	EndGlobalSection
	GlobalSection(SolutionProperties) = preSolution
		HideSolutionNode = FALSE
	EndGlobalSection
EndGlobal
