
Microsoft Visual Studio Solution File, Format Version 10.00
# Visual Studio 2008
Project("{E24C65DC-7377-472B-9ABA-BC803B73C61A}") = "ThemesLab", "ThemesLab\", "{5E62047E-2D64-4F94-8104-0F68D78A40A9}"
	ProjectSection(WebsiteProperties) = preProject
		TargetFramework = "3.5"
		Debug.AspNetCompiler.VirtualPath = "/ThemesLab"
		Debug.AspNetCompiler.PhysicalPath = "ThemesLab\"
		Debug.AspNetCompiler.TargetPath = "PrecompiledWeb\ThemesLab\"
		Debug.AspNetCompiler.Updateable = "true"
		Debug.AspNetCompiler.ForceOverwrite = "true"
		Debug.AspNetCompiler.FixedNames = "false"
		Debug.AspNetCompiler.Debug = "True"
		Release.AspNetCompiler.VirtualPath = "/ThemesLab"
		Release.AspNetCompiler.PhysicalPath = "ThemesLab\"
		Release.AspNetCompiler.TargetPath = "PrecompiledWeb\ThemesLab\"
		Release.AspNetCompiler.Updateable = "true"
		Release.AspNetCompiler.ForceOverwrite = "true"
		Release.AspNetCompiler.FixedNames = "false"
		Release.AspNetCompiler.Debug = "False"
		VWDPort = "8480"
		DefaultWebSiteLanguage = "Visual C#"
	EndProjectSection
EndProject
Global
	GlobalSection(SolutionConfigurationPlatforms) = preSolution
		Debug|.NET = Debug|.NET
	EndGlobalSection
	GlobalSection(ProjectConfigurationPlatforms) = postSolution
		{5E62047E-2D64-4F94-8104-0F68D78A40A9}.Debug|.NET.ActiveCfg = Debug|.NET
		{5E62047E-2D64-4F94-8104-0F68D78A40A9}.Debug|.NET.Build.0 = Debug|.NET
	EndGlobalSection
	GlobalSection(SolutionProperties) = preSolution
		HideSolutionNode = FALSE
	EndGlobalSection
EndGlobal
