
Microsoft Visual Studio Solution File, Format Version 10.00
# Visual Studio 2008
Project("{E24C65DC-7377-472B-9ABA-BC803B73C61A}") = "MasterContent", "MasterContent\", "{13D7905F-C021-42A4-A384-B8B80B2F2EBA}"
	ProjectSection(WebsiteProperties) = preProject
		TargetFramework = "3.5"
		Debug.AspNetCompiler.VirtualPath = "/MasterContent"
		Debug.AspNetCompiler.PhysicalPath = "MasterContent\"
		Debug.AspNetCompiler.TargetPath = "PrecompiledWeb\MasterContent\"
		Debug.AspNetCompiler.Updateable = "true"
		Debug.AspNetCompiler.ForceOverwrite = "true"
		Debug.AspNetCompiler.FixedNames = "false"
		Debug.AspNetCompiler.Debug = "True"
		Release.AspNetCompiler.VirtualPath = "/MasterContent"
		Release.AspNetCompiler.PhysicalPath = "MasterContent\"
		Release.AspNetCompiler.TargetPath = "PrecompiledWeb\MasterContent\"
		Release.AspNetCompiler.Updateable = "true"
		Release.AspNetCompiler.ForceOverwrite = "true"
		Release.AspNetCompiler.FixedNames = "false"
		Release.AspNetCompiler.Debug = "False"
		VWDPort = "14441"
		DefaultWebSiteLanguage = "Visual C#"
	EndProjectSection
EndProject
Global
	GlobalSection(SolutionConfigurationPlatforms) = preSolution
		Debug|.NET = Debug|.NET
	EndGlobalSection
	GlobalSection(ProjectConfigurationPlatforms) = postSolution
		{13D7905F-C021-42A4-A384-B8B80B2F2EBA}.Debug|.NET.ActiveCfg = Debug|.NET
		{13D7905F-C021-42A4-A384-B8B80B2F2EBA}.Debug|.NET.Build.0 = Debug|.NET
	EndGlobalSection
	GlobalSection(SolutionProperties) = preSolution
		HideSolutionNode = FALSE
	EndGlobalSection
EndGlobal
