
Microsoft Visual Studio Solution File, Format Version 10.00
# Visual Studio 2008
Project("{E24C65DC-7377-472B-9ABA-BC803B73C61A}") = "ServerState", "ServerState\", "{7A2FEBC7-799A-4852-BD5C-D189F666E006}"
	ProjectSection(WebsiteProperties) = preProject
		TargetFramework = "3.5"
		Debug.AspNetCompiler.VirtualPath = "/ServerState"
		Debug.AspNetCompiler.PhysicalPath = "ServerState\"
		Debug.AspNetCompiler.TargetPath = "PrecompiledWeb\ServerState\"
		Debug.AspNetCompiler.Updateable = "true"
		Debug.AspNetCompiler.ForceOverwrite = "true"
		Debug.AspNetCompiler.FixedNames = "false"
		Debug.AspNetCompiler.Debug = "True"
		Release.AspNetCompiler.VirtualPath = "/ServerState"
		Release.AspNetCompiler.PhysicalPath = "ServerState\"
		Release.AspNetCompiler.TargetPath = "PrecompiledWeb\ServerState\"
		Release.AspNetCompiler.Updateable = "true"
		Release.AspNetCompiler.ForceOverwrite = "true"
		Release.AspNetCompiler.FixedNames = "false"
		Release.AspNetCompiler.Debug = "False"
		VWDPort = "3864"
		DefaultWebSiteLanguage = "Visual C#"
	EndProjectSection
EndProject
Global
	GlobalSection(SolutionConfigurationPlatforms) = preSolution
		Debug|.NET = Debug|.NET
	EndGlobalSection
	GlobalSection(ProjectConfigurationPlatforms) = postSolution
		{7A2FEBC7-799A-4852-BD5C-D189F666E006}.Debug|.NET.ActiveCfg = Debug|.NET
		{7A2FEBC7-799A-4852-BD5C-D189F666E006}.Debug|.NET.Build.0 = Debug|.NET
	EndGlobalSection
	GlobalSection(SolutionProperties) = preSolution
		HideSolutionNode = FALSE
	EndGlobalSection
EndGlobal
