
Microsoft Visual Studio Solution File, Format Version 10.00
# Visual Studio 2008
Project("{E24C65DC-7377-472B-9ABA-BC803B73C61A}") = "Debugging", "Debugging\", "{BCDFB4D4-83A5-40B2-8A66-0CE75C40E26A}"
	ProjectSection(WebsiteProperties) = preProject
		TargetFramework = "3.5"
		Debug.AspNetCompiler.VirtualPath = "/Debugging"
		Debug.AspNetCompiler.PhysicalPath = "Debugging\"
		Debug.AspNetCompiler.TargetPath = "PrecompiledWeb\Debugging\"
		Debug.AspNetCompiler.Updateable = "true"
		Debug.AspNetCompiler.ForceOverwrite = "true"
		Debug.AspNetCompiler.FixedNames = "false"
		Debug.AspNetCompiler.Debug = "True"
		Release.AspNetCompiler.VirtualPath = "/Debugging"
		Release.AspNetCompiler.PhysicalPath = "Debugging\"
		Release.AspNetCompiler.TargetPath = "PrecompiledWeb\Debugging\"
		Release.AspNetCompiler.Updateable = "true"
		Release.AspNetCompiler.ForceOverwrite = "true"
		Release.AspNetCompiler.FixedNames = "false"
		Release.AspNetCompiler.Debug = "False"
		VWDPort = "26940"
		DefaultWebSiteLanguage = "Visual C#"
	EndProjectSection
EndProject
Global
	GlobalSection(SolutionConfigurationPlatforms) = preSolution
		Debug|.NET = Debug|.NET
	EndGlobalSection
	GlobalSection(ProjectConfigurationPlatforms) = postSolution
		{BCDFB4D4-83A5-40B2-8A66-0CE75C40E26A}.Debug|.NET.ActiveCfg = Debug|.NET
		{BCDFB4D4-83A5-40B2-8A66-0CE75C40E26A}.Debug|.NET.Build.0 = Debug|.NET
	EndGlobalSection
	GlobalSection(SolutionProperties) = preSolution
		HideSolutionNode = FALSE
	EndGlobalSection
EndGlobal
