
Microsoft Visual Studio Solution File, Format Version 10.00
# Visual Studio 2008
Project("{E24C65DC-7377-472B-9ABA-BC803B73C61A}") = "UsingSpecializedControls", "UsingSpecializedControls\", "{43B0530E-014F-4C9A-9A94-85BEF22B5CD1}"
	ProjectSection(WebsiteProperties) = preProject
		TargetFramework = "3.5"
		Debug.AspNetCompiler.VirtualPath = "/UsingSpecializedControls"
		Debug.AspNetCompiler.PhysicalPath = "UsingSpecializedControls\"
		Debug.AspNetCompiler.TargetPath = "PrecompiledWeb\UsingSpecializedControls\"
		Debug.AspNetCompiler.Updateable = "true"
		Debug.AspNetCompiler.ForceOverwrite = "true"
		Debug.AspNetCompiler.FixedNames = "false"
		Debug.AspNetCompiler.Debug = "True"
		Release.AspNetCompiler.VirtualPath = "/UsingSpecializedControls"
		Release.AspNetCompiler.PhysicalPath = "UsingSpecializedControls\"
		Release.AspNetCompiler.TargetPath = "PrecompiledWeb\UsingSpecializedControls\"
		Release.AspNetCompiler.Updateable = "true"
		Release.AspNetCompiler.ForceOverwrite = "true"
		Release.AspNetCompiler.FixedNames = "false"
		Release.AspNetCompiler.Debug = "False"
		VWDPort = "17999"
		DefaultWebSiteLanguage = "Visual C#"
	EndProjectSection
EndProject
Global
	GlobalSection(SolutionConfigurationPlatforms) = preSolution
		Debug|.NET = Debug|.NET
	EndGlobalSection
	GlobalSection(ProjectConfigurationPlatforms) = postSolution
		{43B0530E-014F-4C9A-9A94-85BEF22B5CD1}.Debug|.NET.ActiveCfg = Debug|.NET
		{43B0530E-014F-4C9A-9A94-85BEF22B5CD1}.Debug|.NET.Build.0 = Debug|.NET
	EndGlobalSection
	GlobalSection(SolutionProperties) = preSolution
		HideSolutionNode = FALSE
	EndGlobalSection
EndGlobal
