
Microsoft Visual Studio Solution File, Format Version 10.00
# Visual Studio 2008
Project("{FAE04EC0-301F-11D3-BF4B-00C04F79EFBC}") = "AjaxEnabled", "AjaxEnabled\AjaxEnabled.csproj", "{9142CD5C-10B4-4454-B2FF-6BA9761B3BE9}"
EndProject
Project("{FAE04EC0-301F-11D3-BF4B-00C04F79EFBC}") = "PassTextBox", "PassTextBox\PassTextBox.csproj", "{402522F1-658B-446B-8922-9F9830671BB6}"
EndProject
Global
	GlobalSection(SolutionConfigurationPlatforms) = preSolution
		Debug|Any CPU = Debug|Any CPU
		Release|Any CPU = Release|Any CPU
	EndGlobalSection
	GlobalSection(ProjectConfigurationPlatforms) = postSolution
		{9142CD5C-10B4-4454-B2FF-6BA9761B3BE9}.Debug|Any CPU.ActiveCfg = Debug|Any CPU
		{9142CD5C-10B4-4454-B2FF-6BA9761B3BE9}.Debug|Any CPU.Build.0 = Debug|Any CPU
		{9142CD5C-10B4-4454-B2FF-6BA9761B3BE9}.Release|Any CPU.ActiveCfg = Release|Any CPU
		{9142CD5C-10B4-4454-B2FF-6BA9761B3BE9}.Release|Any CPU.Build.0 = Release|Any CPU
		{402522F1-658B-446B-8922-9F9830671BB6}.Debug|Any CPU.ActiveCfg = Debug|Any CPU
		{402522F1-658B-446B-8922-9F9830671BB6}.Debug|Any CPU.Build.0 = Debug|Any CPU
		{402522F1-658B-446B-8922-9F9830671BB6}.Release|Any CPU.ActiveCfg = Release|Any CPU
		{402522F1-658B-446B-8922-9F9830671BB6}.Release|Any CPU.Build.0 = Release|Any CPU
	EndGlobalSection
	GlobalSection(SolutionProperties) = preSolution
		HideSolutionNode = FALSE
	EndGlobalSection
EndGlobal
