
Microsoft Visual Studio Solution File, Format Version 10.00
# Visual Studio 2008
Project("{FAE04EC0-301F-11D3-BF4B-00C04F79EFBC}") = "NorthwindServices", "NorthwindServices\NorthwindServices.csproj", "{934C956F-2319-446E-86A2-203B1722EB6D}"
EndProject
Project("{E24C65DC-7377-472B-9ABA-BC803B73C61A}") = "ShipperClient", "ShipperClient\", "{CD09675F-12C0-4BA8-96B5-331E75B6B1C2}"
	ProjectSection(WebsiteProperties) = preProject
		TargetFramework = "3.5"
		Debug.AspNetCompiler.VirtualPath = "/ShipperClient"
		Debug.AspNetCompiler.PhysicalPath = "ShipperClient\"
		Debug.AspNetCompiler.TargetPath = "PrecompiledWeb\ShipperClient\"
		Debug.AspNetCompiler.Updateable = "true"
		Debug.AspNetCompiler.ForceOverwrite = "true"
		Debug.AspNetCompiler.FixedNames = "false"
		Debug.AspNetCompiler.Debug = "True"
		Release.AspNetCompiler.VirtualPath = "/ShipperClient"
		Release.AspNetCompiler.PhysicalPath = "ShipperClient\"
		Release.AspNetCompiler.TargetPath = "PrecompiledWeb\ShipperClient\"
		Release.AspNetCompiler.Updateable = "true"
		Release.AspNetCompiler.ForceOverwrite = "true"
		Release.AspNetCompiler.FixedNames = "false"
		Release.AspNetCompiler.Debug = "False"
		VWDPort = "15130"
	EndProjectSection
	ProjectSection(ProjectDependencies) = postProject
		{934C956F-2319-446E-86A2-203B1722EB6D} = {934C956F-2319-446E-86A2-203B1722EB6D}
	EndProjectSection
EndProject
Global
	GlobalSection(SolutionConfigurationPlatforms) = preSolution
		Debug|.NET = Debug|.NET
		Debug|Any CPU = Debug|Any CPU
		Debug|Mixed Platforms = Debug|Mixed Platforms
		Release|.NET = Release|.NET
		Release|Any CPU = Release|Any CPU
		Release|Mixed Platforms = Release|Mixed Platforms
	EndGlobalSection
	GlobalSection(ProjectConfigurationPlatforms) = postSolution
		{934C956F-2319-446E-86A2-203B1722EB6D}.Debug|.NET.ActiveCfg = Debug|Any CPU
		{934C956F-2319-446E-86A2-203B1722EB6D}.Debug|Any CPU.ActiveCfg = Debug|Any CPU
		{934C956F-2319-446E-86A2-203B1722EB6D}.Debug|Any CPU.Build.0 = Debug|Any CPU
		{934C956F-2319-446E-86A2-203B1722EB6D}.Debug|Mixed Platforms.ActiveCfg = Debug|Any CPU
		{934C956F-2319-446E-86A2-203B1722EB6D}.Debug|Mixed Platforms.Build.0 = Debug|Any CPU
		{934C956F-2319-446E-86A2-203B1722EB6D}.Release|.NET.ActiveCfg = Release|Any CPU
		{934C956F-2319-446E-86A2-203B1722EB6D}.Release|Any CPU.ActiveCfg = Release|Any CPU
		{934C956F-2319-446E-86A2-203B1722EB6D}.Release|Any CPU.Build.0 = Release|Any CPU
		{934C956F-2319-446E-86A2-203B1722EB6D}.Release|Mixed Platforms.ActiveCfg = Release|Any CPU
		{934C956F-2319-446E-86A2-203B1722EB6D}.Release|Mixed Platforms.Build.0 = Release|Any CPU
		{CD09675F-12C0-4BA8-96B5-331E75B6B1C2}.Debug|.NET.ActiveCfg = Debug|.NET
		{CD09675F-12C0-4BA8-96B5-331E75B6B1C2}.Debug|.NET.Build.0 = Debug|.NET
		{CD09675F-12C0-4BA8-96B5-331E75B6B1C2}.Debug|Any CPU.ActiveCfg = Debug|.NET
		{CD09675F-12C0-4BA8-96B5-331E75B6B1C2}.Debug|Mixed Platforms.ActiveCfg = Debug|.NET
		{CD09675F-12C0-4BA8-96B5-331E75B6B1C2}.Debug|Mixed Platforms.Build.0 = Debug|.NET
		{CD09675F-12C0-4BA8-96B5-331E75B6B1C2}.Release|.NET.ActiveCfg = Debug|.NET
		{CD09675F-12C0-4BA8-96B5-331E75B6B1C2}.Release|.NET.Build.0 = Debug|.NET
		{CD09675F-12C0-4BA8-96B5-331E75B6B1C2}.Release|Any CPU.ActiveCfg = Debug|.NET
		{CD09675F-12C0-4BA8-96B5-331E75B6B1C2}.Release|Mixed Platforms.ActiveCfg = Debug|.NET
		{CD09675F-12C0-4BA8-96B5-331E75B6B1C2}.Release|Mixed Platforms.Build.0 = Debug|.NET
	EndGlobalSection
	GlobalSection(SolutionProperties) = preSolution
		HideSolutionNode = FALSE
	EndGlobalSection
EndGlobal
