
Microsoft Visual Studio Solution File, Format Version 10.00
# Visual Studio 2008
Project("{E24C65DC-7377-472B-9ABA-BC803B73C61A}") = "GlobalSite", "GlobalSite\", "{3DC60326-AA4E-48EE-B74B-85D08ABF7447}"
	ProjectSection(WebsiteProperties) = preProject
		TargetFramework = "3.5"
		Debug.AspNetCompiler.VirtualPath = "/GlobalSite"
		Debug.AspNetCompiler.PhysicalPath = "GlobalSite\"
		Debug.AspNetCompiler.TargetPath = "PrecompiledWeb\GlobalSite\"
		Debug.AspNetCompiler.Updateable = "true"
		Debug.AspNetCompiler.ForceOverwrite = "true"
		Debug.AspNetCompiler.FixedNames = "false"
		Debug.AspNetCompiler.Debug = "True"
		Release.AspNetCompiler.VirtualPath = "/GlobalSite"
		Release.AspNetCompiler.PhysicalPath = "GlobalSite\"
		Release.AspNetCompiler.TargetPath = "PrecompiledWeb\GlobalSite\"
		Release.AspNetCompiler.Updateable = "true"
		Release.AspNetCompiler.ForceOverwrite = "true"
		Release.AspNetCompiler.FixedNames = "false"
		Release.AspNetCompiler.Debug = "False"
		VWDPort = "26711"
		DefaultWebSiteLanguage = "Visual C#"
	EndProjectSection
EndProject
Global
	GlobalSection(SolutionConfigurationPlatforms) = preSolution
		Debug|.NET = Debug|.NET
	EndGlobalSection
	GlobalSection(ProjectConfigurationPlatforms) = postSolution
		{3DC60326-AA4E-48EE-B74B-85D08ABF7447}.Debug|.NET.ActiveCfg = Debug|.NET
		{3DC60326-AA4E-48EE-B74B-85D08ABF7447}.Debug|.NET.Build.0 = Debug|.NET
	EndGlobalSection
	GlobalSection(SolutionProperties) = preSolution
		HideSolutionNode = FALSE
	EndGlobalSection
EndGlobal
