
Microsoft Visual Studio Solution File, Format Version 10.00
# Visual Studio 2008
Project("{E24C65DC-7377-472B-9ABA-BC803B73C61A}") = "DisconnectedData", "DisconnectedData\", "{4633B322-2877-42D5-B411-5E43B9EC6AE9}"
	ProjectSection(WebsiteProperties) = preProject
		TargetFramework = "3.5"
		Debug.AspNetCompiler.VirtualPath = "/DisconnectedData"
		Debug.AspNetCompiler.PhysicalPath = "DisconnectedData\"
		Debug.AspNetCompiler.TargetPath = "PrecompiledWeb\DisconnectedData\"
		Debug.AspNetCompiler.Updateable = "true"
		Debug.AspNetCompiler.ForceOverwrite = "true"
		Debug.AspNetCompiler.FixedNames = "false"
		Debug.AspNetCompiler.Debug = "True"
		Release.AspNetCompiler.VirtualPath = "/DisconnectedData"
		Release.AspNetCompiler.PhysicalPath = "DisconnectedData\"
		Release.AspNetCompiler.TargetPath = "PrecompiledWeb\DisconnectedData\"
		Release.AspNetCompiler.Updateable = "true"
		Release.AspNetCompiler.ForceOverwrite = "true"
		Release.AspNetCompiler.FixedNames = "false"
		Release.AspNetCompiler.Debug = "False"
		VWDPort = "48574"
		DefaultWebSiteLanguage = "Visual C#"
	EndProjectSection
EndProject
Global
	GlobalSection(SolutionConfigurationPlatforms) = preSolution
		Debug|.NET = Debug|.NET
	EndGlobalSection
	GlobalSection(ProjectConfigurationPlatforms) = postSolution
		{4633B322-2877-42D5-B411-5E43B9EC6AE9}.Debug|.NET.ActiveCfg = Debug|.NET
		{4633B322-2877-42D5-B411-5E43B9EC6AE9}.Debug|.NET.Build.0 = Debug|.NET
	EndGlobalSection
	GlobalSection(SolutionProperties) = preSolution
		HideSolutionNode = FALSE
	EndGlobalSection
EndGlobal
